version: 1.0
shards:
  crystal_fmt:
    github: masukomi/crystal_fmt
    commit: a44ed1b3baa4af7381d5ec320c9617bf1d8e1fdd

  db:
    github: crystal-lang/crystal-db
    version: 0.4.3

  granite_orm:
    github: amberframework/granite-orm
    version: 0.7.8

  sentence_options:
    github: masukomi/sentence_options
    commit: 4f38f6c65e1f71bbade6b6f58331870d250946f2

  sqlite3:
    github: crystal-lang/crystal-sqlite3
    version: 0.8.3

