version: 1.0
shards:
  crystal_cli_graph:
    github: masukomi/crystal_cli_graph
    version: 1.0.0

  crystal_fmt:
    github: masukomi/crystal_fmt
    version: 0.3.1

  db:
    github: crystal-lang/crystal-db
    version: 0.5.1

  sandstone:
    github: masukomi/sandstone
    version: 0.8.4-sandstone

  sentence_options:
    github: masukomi/sentence_options
    commit: 82551e4c4a8db6c9ac1d0f227c9b9ce34fedfcae

  sparker:
    github: masukomi/sparker
    version: 0.5.1

  sqlite3:
    github: crystal-lang/crystal-sqlite3
    version: 0.11.0

