version: 1.0
shards:
  crystal_fmt:
    github: masukomi/crystal_fmt
    commit: a44ed1b3baa4af7381d5ec320c9617bf1d8e1fdd

  db:
    github: crystal-lang/crystal-db
    version: 0.4.3

  granite_orm:
    github: amberframework/granite-orm
    version: 0.7.8

  sentence_options:
    github: masukomi/sentence_options
    commit: 82551e4c4a8db6c9ac1d0f227c9b9ce34fedfcae

  sparker:
    github: masukomi/sparker
    commit: 1e131dd789739844dd23ceee9f78e134fb22963e

  sqlite3:
    github: crystal-lang/crystal-sqlite3
    version: 0.8.3

